{
  "originHash" : "728db556cdceab6b7fc4272c84586f191e073ced7de2f967ae74cbd8c804f856",
  "pins" : [
    {
      "identity" : "wwnetworking",
      "kind" : "remoteSourceControl",
      "location" : "https://github.com/William-Weng/WWNetworking.git",
      "state" : {
        "revision" : "2c7ce462a79c7c894dbb20dfa766b3eada9d2644",
        "version" : "1.9.0"
      }
    },
    {
      "identity" : "wwsimpleai_ollama",
      "kind" : "remoteSourceControl",
      "location" : "https://github.com/William-Weng/WWSimpleAI_Ollama",
      "state" : {
        "revision" : "0e0c0e2ecfc9b6cb9db151d1d4dfa5b7a190fa87",
        "version" : "1.2.0"
      }
    },
    {
      "identity" : "wwsimpleai_perplexity",
      "kind" : "remoteSourceControl",
      "location" : "https://github.com/William-Weng/WWSimpleAI_Perplexity",
      "state" : {
        "revision" : "af42c963d3c495d9fbe9d50f2321c54f64f008f5",
        "version" : "0.5.0"
      }
    }
  ],
  "version" : 3
}
